
Microsoft Visual Studio Solution File, Format Version 12.00
# Visual Studio Version 16
VisualStudioVersion = 16.0.31321.278
MinimumVisualStudioVersion = 10.0.40219.1
Project("{9A19103F-16F7-4668-BE54-9A1E7A4F7556}") = "Cargueiro.Domain", "Cargueiro.Domain\Cargueiro.Domain.csproj", "{21EDCC11-8C9A-4B8F-B173-7A9F4DC44BB9}"
EndProject
Project("{9A19103F-16F7-4668-BE54-9A1E7A4F7556}") = "Cargueiro.Domain.Api", "Cargueiro.Domain.Api\Cargueiro.Domain.Api.csproj", "{09048F53-EB41-4027-8E89-15AAF8CCCBCE}"
EndProject
Project("{9A19103F-16F7-4668-BE54-9A1E7A4F7556}") = "Cargueiro.Domain.Infra", "Cargueiro.Domain.Infra\Cargueiro.Domain.Infra.csproj", "{142E93C6-386F-48CB-8211-4590FBA5F7EB}"
EndProject
Project("{9A19103F-16F7-4668-BE54-9A1E7A4F7556}") = "Cargueiro.Domain.Tests", "Cargueiro.Domain.Tests\Cargueiro.Domain.Tests.csproj", "{BDE5894A-10E4-43CD-BFB6-DD4669A8D56A}"
EndProject
Project("{FAE04EC0-301F-11D3-BF4B-00C04F79EFBC}") = "Cargueiro.Domain.Application", "Cargueiro.Domain.Application\Cargueiro.Domain.Application.csproj", "{7C6AF757-E6A7-485F-AE3F-C0BC3D542ECA}"
EndProject
Global
	GlobalSection(SolutionConfigurationPlatforms) = preSolution
		Debug|Any CPU = Debug|Any CPU
		Release|Any CPU = Release|Any CPU
	EndGlobalSection
	GlobalSection(ProjectConfigurationPlatforms) = postSolution
		{21EDCC11-8C9A-4B8F-B173-7A9F4DC44BB9}.Debug|Any CPU.ActiveCfg = Debug|Any CPU
		{21EDCC11-8C9A-4B8F-B173-7A9F4DC44BB9}.Debug|Any CPU.Build.0 = Debug|Any CPU
		{21EDCC11-8C9A-4B8F-B173-7A9F4DC44BB9}.Release|Any CPU.ActiveCfg = Release|Any CPU
		{21EDCC11-8C9A-4B8F-B173-7A9F4DC44BB9}.Release|Any CPU.Build.0 = Release|Any CPU
		{09048F53-EB41-4027-8E89-15AAF8CCCBCE}.Debug|Any CPU.ActiveCfg = Debug|Any CPU
		{09048F53-EB41-4027-8E89-15AAF8CCCBCE}.Debug|Any CPU.Build.0 = Debug|Any CPU
		{09048F53-EB41-4027-8E89-15AAF8CCCBCE}.Release|Any CPU.ActiveCfg = Release|Any CPU
		{09048F53-EB41-4027-8E89-15AAF8CCCBCE}.Release|Any CPU.Build.0 = Release|Any CPU
		{142E93C6-386F-48CB-8211-4590FBA5F7EB}.Debug|Any CPU.ActiveCfg = Debug|Any CPU
		{142E93C6-386F-48CB-8211-4590FBA5F7EB}.Debug|Any CPU.Build.0 = Debug|Any CPU
		{142E93C6-386F-48CB-8211-4590FBA5F7EB}.Release|Any CPU.ActiveCfg = Release|Any CPU
		{142E93C6-386F-48CB-8211-4590FBA5F7EB}.Release|Any CPU.Build.0 = Release|Any CPU
		{BDE5894A-10E4-43CD-BFB6-DD4669A8D56A}.Debug|Any CPU.ActiveCfg = Debug|Any CPU
		{BDE5894A-10E4-43CD-BFB6-DD4669A8D56A}.Debug|Any CPU.Build.0 = Debug|Any CPU
		{BDE5894A-10E4-43CD-BFB6-DD4669A8D56A}.Release|Any CPU.ActiveCfg = Release|Any CPU
		{BDE5894A-10E4-43CD-BFB6-DD4669A8D56A}.Release|Any CPU.Build.0 = Release|Any CPU
		{7C6AF757-E6A7-485F-AE3F-C0BC3D542ECA}.Debug|Any CPU.ActiveCfg = Debug|Any CPU
		{7C6AF757-E6A7-485F-AE3F-C0BC3D542ECA}.Debug|Any CPU.Build.0 = Debug|Any CPU
		{7C6AF757-E6A7-485F-AE3F-C0BC3D542ECA}.Release|Any CPU.ActiveCfg = Release|Any CPU
		{7C6AF757-E6A7-485F-AE3F-C0BC3D542ECA}.Release|Any CPU.Build.0 = Release|Any CPU
	EndGlobalSection
	GlobalSection(SolutionProperties) = preSolution
		HideSolutionNode = FALSE
	EndGlobalSection
	GlobalSection(ExtensibilityGlobals) = postSolution
		SolutionGuid = {92ADEA0E-96E9-47F7-B75D-A357257A104A}
	EndGlobalSection
EndGlobal
